schema: '2.0'
stages:
  prepare:
    cmd: python prepare.py
    deps:
    - path: data.csv
      hash: md5
      md5: 168496337fccadcd510f255a3b509f4b
      size: 336
    - path: prepare.py
      hash: md5
      md5: 154ceae6e3a8e4353d3dd9127ec29574
      size: 407
    outs:
    - path: test.csv
      hash: md5
      md5: 2759f3ef1c13d5c711f802993ff5d4b1
      size: 119
    - path: train.csv
      hash: md5
      md5: 013547a48ba609d7208afd64d9320faa
      size: 271
  train:
    cmd: python train.py
    deps:
    - path: train.csv
      hash: md5
      md5: 013547a48ba609d7208afd64d9320faa
      size: 271
    - path: train.py
      hash: md5
      md5: fecdb425b6f7eebc5c7d33b53876b7bd
      size: 382
    outs:
    - path: model.pkl
      hash: md5
      md5: 0a5589b0c172b393ee7880c9ceb003fc
      size: 2052
  evaluate:
    cmd: python evaluate.py
    deps:
    - path: evaluate.py
      hash: md5
      md5: e4331929b59e6cf03e0b6923ab5b555d
      size: 524
    - path: model.pkl
      hash: md5
      md5: 0a5589b0c172b393ee7880c9ceb003fc
      size: 2052
    - path: test.csv
      hash: md5
      md5: 2759f3ef1c13d5c711f802993ff5d4b1
      size: 119
    outs:
    - path: metrics.json
      hash: md5
      md5: cf7254f037f2a8ef4eb54944b516cbc6
      size: 26
